// !$*UTF8*$!
{
	archiveVersion = 1;
	classes = {
	};
	objectVersion = 50;
	objects = {

/* Begin PBXBuildFile section */
		6262821124DFC0030062CFE4 /* AppDelegate.swift in Sources */ = {isa = PBXBuildFile; fileRef = 6262821024DFC0030062CFE4 /* AppDelegate.swift */; };
		6262821324DFC0030062CFE4 /* SceneDelegate.swift in Sources */ = {isa = PBXBuildFile; fileRef = 6262821224DFC0030062CFE4 /* SceneDelegate.swift */; };
		6262821524DFC0030062CFE4 /* ViewController.swift in Sources */ = {isa = PBXBuildFile; fileRef = 6262821424DFC0030062CFE4 /* ViewController.swift */; };
		6262821824DFC0030062CFE4 /* Main.storyboard in Resources */ = {isa = PBXBuildFile; fileRef = 6262821624DFC0030062CFE4 /* Main.storyboard */; };
		6262821A24DFC0030062CFE4 /* Assets.xcassets in Resources */ = {isa = PBXBuildFile; fileRef = 6262821924DFC0030062CFE4 /* Assets.xcassets */; };
		6262821D24DFC0030062CFE4 /* LaunchScreen.storyboard in Resources */ = {isa = PBXBuildFile; fileRef = 6262821B24DFC0030062CFE4 /* LaunchScreen.storyboard */; };
		6262822724E133F60062CFE4 /* Video.swift in Sources */ = {isa = PBXBuildFile; fileRef = 6262822624E133F60062CFE4 /* Video.swift */; };
		6262822924E1341C0062CFE4 /* Constants.swift in Sources */ = {isa = PBXBuildFile; fileRef = 6262822824E1341C0062CFE4 /* Constants.swift */; };
		6262822B24E134B30062CFE4 /* Model.swift in Sources */ = {isa = PBXBuildFile; fileRef = 6262822A24E134B30062CFE4 /* Model.swift */; };
		6262822D24E1A7C70062CFE4 /* Response.swift in Sources */ = {isa = PBXBuildFile; fileRef = 6262822C24E1A7C70062CFE4 /* Response.swift */; };
/* End PBXBuildFile section */

/* Begin PBXFileReference section */
		6262820D24DFC0030062CFE4 /* youtubeVideoApp.app */ = {isa = PBXFileReference; explicitFileType = wrapper.application; includeInIndex = 0; path = youtubeVideoApp.app; sourceTree = BUILT_PRODUCTS_DIR; };
		6262821024DFC0030062CFE4 /* AppDelegate.swift */ = {isa = PBXFileReference; lastKnownFileType = sourcecode.swift; path = AppDelegate.swift; sourceTree = "<group>"; };
		6262821224DFC0030062CFE4 /* SceneDelegate.swift */ = {isa = PBXFileReference; lastKnownFileType = sourcecode.swift; path = SceneDelegate.swift; sourceTree = "<group>"; };
		6262821424DFC0030062CFE4 /* ViewController.swift */ = {isa = PBXFileReference; lastKnownFileType = sourcecode.swift; path = ViewController.swift; sourceTree = "<group>"; };
		6262821724DFC0030062CFE4 /* Base */ = {isa = PBXFileReference; lastKnownFileType = file.storyboard; name = Base; path = Base.lproj/Main.storyboard; sourceTree = "<group>"; };
		6262821924DFC0030062CFE4 /* Assets.xcassets */ = {isa = PBXFileReference; lastKnownFileType = folder.assetcatalog; path = Assets.xcassets; sourceTree = "<group>"; };
		6262821C24DFC0030062CFE4 /* Base */ = {isa = PBXFileReference; lastKnownFileType = file.storyboard; name = Base; path = Base.lproj/LaunchScreen.storyboard; sourceTree = "<group>"; };
		6262821E24DFC0030062CFE4 /* Info.plist */ = {isa = PBXFileReference; lastKnownFileType = text.plist.xml; path = Info.plist; sourceTree = "<group>"; };
		6262822624E133F60062CFE4 /* Video.swift */ = {isa = PBXFileReference; lastKnownFileType = sourcecode.swift; path = Video.swift; sourceTree = "<group>"; };
		6262822824E1341C0062CFE4 /* Constants.swift */ = {isa = PBXFileReference; lastKnownFileType = sourcecode.swift; path = Constants.swift; sourceTree = "<group>"; };
		6262822A24E134B30062CFE4 /* Model.swift */ = {isa = PBXFileReference; lastKnownFileType = sourcecode.swift; path = Model.swift; sourceTree = "<group>"; };
		6262822C24E1A7C70062CFE4 /* Response.swift */ = {isa = PBXFileReference; lastKnownFileType = sourcecode.swift; path = Response.swift; sourceTree = "<group>"; };
/* End PBXFileReference section */

/* Begin PBXFrameworksBuildPhase section */
		6262820A24DFC0030062CFE4 /* Frameworks */ = {
			isa = PBXFrameworksBuildPhase;
			buildActionMask = 2147483647;
			files = (
			);
			runOnlyForDeploymentPostprocessing = 0;
		};
/* End PBXFrameworksBuildPhase section */

/* Begin PBXGroup section */
		6262820424DFC0030062CFE4 = {
			isa = PBXGroup;
			children = (
				6262820F24DFC0030062CFE4 /* youtubeVideoApp */,
				6262820E24DFC0030062CFE4 /* Products */,
			);
			sourceTree = "<group>";
		};
		6262820E24DFC0030062CFE4 /* Products */ = {
			isa = PBXGroup;
			children = (
				6262820D24DFC0030062CFE4 /* youtubeVideoApp.app */,
			);
			name = Products;
			sourceTree = "<group>";
		};
		6262820F24DFC0030062CFE4 /* youtubeVideoApp */ = {
			isa = PBXGroup;
			children = (
				6262821024DFC0030062CFE4 /* AppDelegate.swift */,
				6262821224DFC0030062CFE4 /* SceneDelegate.swift */,
				6262821424DFC0030062CFE4 /* ViewController.swift */,
				6262821624DFC0030062CFE4 /* Main.storyboard */,
				6262821924DFC0030062CFE4 /* Assets.xcassets */,
				6262821B24DFC0030062CFE4 /* LaunchScreen.storyboard */,
				6262821E24DFC0030062CFE4 /* Info.plist */,
				6262822624E133F60062CFE4 /* Video.swift */,
				6262822824E1341C0062CFE4 /* Constants.swift */,
				6262822A24E134B30062CFE4 /* Model.swift */,
				6262822C24E1A7C70062CFE4 /* Response.swift */,
			);
			path = youtubeVideoApp;
			sourceTree = "<group>";
		};
/* End PBXGroup section */

/* Begin PBXNativeTarget section */
		6262820C24DFC0030062CFE4 /* youtubeVideoApp */ = {
			isa = PBXNativeTarget;
			buildConfigurationList = 6262822124DFC0030062CFE4 /* Build configuration list for PBXNativeTarget "youtubeVideoApp" */;
			buildPhases = (
				6262820924DFC0030062CFE4 /* Sources */,
				6262820A24DFC0030062CFE4 /* Frameworks */,
				6262820B24DFC0030062CFE4 /* Resources */,
			);
			buildRules = (
			);
			dependencies = (
			);
			name = youtubeVideoApp;
			productName = youtubeVideoApp;
			productReference = 6262820D24DFC0030062CFE4 /* youtubeVideoApp.app */;
			productType = "com.apple.product-type.application";
		};
/* End PBXNativeTarget section */

/* Begin PBXProject section */
		6262820524DFC0030062CFE4 /* Project object */ = {
			isa = PBXProject;
			attributes = {
				LastSwiftUpdateCheck = 1160;
				LastUpgradeCheck = 1160;
				ORGANIZATIONNAME = "Mahmoud Aziz";
				TargetAttributes = {
					6262820C24DFC0030062CFE4 = {
						CreatedOnToolsVersion = 11.6;
					};
				};
			};
			buildConfigurationList = 6262820824DFC0030062CFE4 /* Build configuration list for PBXProject "youtubeVideoApp" */;
			compatibilityVersion = "Xcode 9.3";
			developmentRegion = en;
			hasScannedForEncodings = 0;
			knownRegions = (
				en,
				Base,
			);
			mainGroup = 6262820424DFC0030062CFE4;
			productRefGroup = 6262820E24DFC0030062CFE4 /* Products */;
			projectDirPath = "";
			projectRoot = "";
			targets = (
				6262820C24DFC0030062CFE4 /* youtubeVideoApp */,
			);
		};
/* End PBXProject section */

/* Begin PBXResourcesBuildPhase section */
		6262820B24DFC0030062CFE4 /* Resources */ = {
			isa = PBXResourcesBuildPhase;
			buildActionMask = 2147483647;
			files = (
				6262821D24DFC0030062CFE4 /* LaunchScreen.storyboard in Resources */,
				6262821A24DFC0030062CFE4 /* Assets.xcassets in Resources */,
				6262821824DFC0030062CFE4 /* Main.storyboard in Resources */,
			);
			runOnlyForDeploymentPostprocessing = 0;
		};
/* End PBXResourcesBuildPhase section */

/* Begin PBXSourcesBuildPhase section */
		6262820924DFC0030062CFE4 /* Sources */ = {
			isa = PBXSourcesBuildPhase;
			buildActionMask = 2147483647;
			files = (
				6262822924E1341C0062CFE4 /* Constants.swift in Sources */,
				6262821524DFC0030062CFE4 /* ViewController.swift in Sources */,
				6262821124DFC0030062CFE4 /* AppDelegate.swift in Sources */,
				6262822B24E134B30062CFE4 /* Model.swift in Sources */,
				6262821324DFC0030062CFE4 /* SceneDelegate.swift in Sources */,
				6262822724E133F60062CFE4 /* Video.swift in Sources */,
				6262822D24E1A7C70062CFE4 /* Response.swift in Sources */,
			);
			runOnlyForDeploymentPostprocessing = 0;
		};
/* End PBXSourcesBuildPhase section */

/* Begin PBXVariantGroup section */
		6262821624DFC0030062CFE4 /* Main.storyboard */ = {
			isa = PBXVariantGroup;
			children = (
				6262821724DFC0030062CFE4 /* Base */,
			);
			name = Main.storyboard;
			sourceTree = "<group>";
		};
		6262821B24DFC0030062CFE4 /* LaunchScreen.storyboard */ = {
			isa = PBXVariantGroup;
			children = (
				6262821C24DFC0030062CFE4 /* Base */,
			);
			name = LaunchScreen.storyboard;
			sourceTree = "<group>";
		};
/* End PBXVariantGroup section */

/* Begin XCBuildConfiguration section */
		6262821F24DFC0030062CFE4 /* Debug */ = {
			isa = XCBuildConfiguration;
			buildSettings = {
				ALWAYS_SEARCH_USER_PATHS = NO;
				CLANG_ANALYZER_NONNULL = YES;
				CLANG_ANALYZER_NUMBER_OBJECT_CONVERSION = YES_AGGRESSIVE;
				CLANG_CXX_LANGUAGE_STANDARD = "gnu++14";
				CLANG_CXX_LIBRARY = "libc++";
				CLANG_ENABLE_MODULES = YES;
				CLANG_ENABLE_OBJC_ARC = YES;
				CLANG_ENABLE_OBJC_WEAK = YES;
				CLANG_WARN_BLOCK_CAPTURE_AUTORELEASING = YES;
				CLANG_WARN_BOOL_CONVERSION = YES;
				CLANG_WARN_COMMA = YES;
				CLANG_WARN_CONSTANT_CONVERSION = YES;
				CLANG_WARN_DEPRECATED_OBJC_IMPLEMENTATIONS = YES;
				CLANG_WARN_DIRECT_OBJC_ISA_USAGE = YES_ERROR;
				CLANG_WARN_DOCUMENTATION_COMMENTS = YES;
				CLANG_WARN_EMPTY_BODY = YES;
				CLANG_WARN_ENUM_CONVERSION = YES;
				CLANG_WARN_INFINITE_RECURSION = YES;
				CLANG_WARN_INT_CONVERSION = YES;
				CLANG_WARN_NON_LITERAL_NULL_CONVERSION = YES;
				CLANG_WARN_OBJC_IMPLICIT_RETAIN_SELF = YES;
				CLANG_WARN_OBJC_LITERAL_CONVERSION = YES;
				CLANG_WARN_OBJC_ROOT_CLASS = YES_ERROR;
				CLANG_WARN_RANGE_LOOP_ANALYSIS = YES;
				CLANG_WARN_STRICT_PROTOTYPES = YES;
				CLANG_WARN_SUSPICIOUS_MOVE = YES;
				CLANG_WARN_UNGUARDED_AVAILABILITY = YES_AGGRESSIVE;
				CLANG_WARN_UNREACHABLE_CODE = YES;
				CLANG_WARN__DUPLICATE_METHOD_MATCH = YES;
				COPY_PHASE_STRIP = NO;
				DEBUG_INFORMATION_FORMAT = dwarf;
				ENABLE_STRICT_OBJC_MSGSEND = YES;
				ENABLE_TESTABILITY = YES;
				GCC_C_LANGUAGE_STANDARD = gnu11;
				GCC_DYNAMIC_NO_PIC = NO;
				GCC_NO_COMMON_BLOCKS = YES;
				GCC_OPTIMIZATION_LEVEL = 0;
				GCC_PREPROCESSOR_DEFINITIONS = (
					"DEBUG=1",
					"$(inherited)",
				);
				GCC_WARN_64_TO_32_BIT_CONVERSION = YES;
				GCC_WARN_ABOUT_RETURN_TYPE = YES_ERROR;
				GCC_WARN_UNDECLARED_SELECTOR = YES;
				GCC_WARN_UNINITIALIZED_AUTOS = YES_AGGRESSIVE;
				GCC_WARN_UNUSED_FUNCTION = YES;
				GCC_WARN_UNUSED_VARIABLE = YES;
				IPHONEOS_DEPLOYMENT_TARGET = 13.6;
				MTL_ENABLE_DEBUG_INFO = INCLUDE_SOURCE;
				MTL_FAST_MATH = YES;
				ONLY_ACTIVE_ARCH = YES;
				SDKROOT = iphoneos;
				SWIFT_ACTIVE_COMPILATION_CONDITIONS = DEBUG;
				SWIFT_OPTIMIZATION_LEVEL = "-Onone";
			};
			name = Debug;
		};
		6262822024DFC0030062CFE4 /* Release */ = {
			isa = XCBuildConfiguration;
			buildSettings = {
				ALWAYS_SEARCH_USER_PATHS = NO;
				CLANG_ANALYZER_NONNULL = YES;
				CLANG_ANALYZER_NUMBER_OBJECT_CONVERSION = YES_AGGRESSIVE;
				CLANG_CXX_LANGUAGE_STANDARD = "gnu++14";
				CLANG_CXX_LIBRARY = "libc++";
				CLANG_ENABLE_MODULES = YES;
				CLANG_ENABLE_OBJC_ARC = YES;
				CLANG_ENABLE_OBJC_WEAK = YES;
				CLANG_WARN_BLOCK_CAPTURE_AUTORELEASING = YES;
				CLANG_WARN_BOOL_CONVERSION = YES;
				CLANG_WARN_COMMA = YES;
				CLANG_WARN_CONSTANT_CONVERSION = YES;
				CLANG_WARN_DEPRECATED_OBJC_IMPLEMENTATIONS = YES;
				CLANG_WARN_DIRECT_OBJC_ISA_USAGE = YES_ERROR;
				CLANG_WARN_DOCUMENTATION_COMMENTS = YES;
				CLANG_WARN_EMPTY_BODY = YES;
				CLANG_WARN_ENUM_CONVERSION = YES;
				CLANG_WARN_INFINITE_RECURSION = YES;
				CLANG_WARN_INT_CONVERSION = YES;
				CLANG_WARN_NON_LITERAL_NULL_CONVERSION = YES;
				CLANG_WARN_OBJC_IMPLICIT_RETAIN_SELF = YES;
				CLANG_WARN_OBJC_LITERAL_CONVERSION = YES;
				CLANG_WARN_OBJC_ROOT_CLASS = YES_ERROR;
				CLANG_WARN_RANGE_LOOP_ANALYSIS = YES;
				CLANG_WARN_STRICT_PROTOTYPES = YES;
				CLANG_WARN_SUSPICIOUS_MOVE = YES;
				CLANG_WARN_UNGUARDED_AVAILABILITY = YES_AGGRESSIVE;
				CLANG_WARN_UNREACHABLE_CODE = YES;
				CLANG_WARN__DUPLICATE_METHOD_MATCH = YES;
				COPY_PHASE_STRIP = NO;
				DEBUG_INFORMATION_FORMAT = "dwarf-with-dsym";
				ENABLE_NS_ASSERTIONS = NO;
				ENABLE_STRICT_OBJC_MSGSEND = YES;
				GCC_C_LANGUAGE_STANDARD = gnu11;
				GCC_NO_COMMON_BLOCKS = YES;
				GCC_WARN_64_TO_32_BIT_CONVERSION = YES;
				GCC_WARN_ABOUT_RETURN_TYPE = YES_ERROR;
				GCC_WARN_UNDECLARED_SELECTOR = YES;
				GCC_WARN_UNINITIALIZED_AUTOS = YES_AGGRESSIVE;
				GCC_WARN_UNUSED_FUNCTION = YES;
				GCC_WARN_UNUSED_VARIABLE = YES;
				IPHONEOS_DEPLOYMENT_TARGET = 13.6;
				MTL_ENABLE_DEBUG_INFO = NO;
				MTL_FAST_MATH = YES;
				SDKROOT = iphoneos;
				SWIFT_COMPILATION_MODE = wholemodule;
				SWIFT_OPTIMIZATION_LEVEL = "-O";
				VALIDATE_PRODUCT = YES;
			};
			name = Release;
		};
		6262822224DFC0030062CFE4 /* Debug */ = {
			isa = XCBuildConfiguration;
			buildSettings = {
				ASSETCATALOG_COMPILER_APPICON_NAME = AppIcon;
				CODE_SIGN_STYLE = Automatic;
				INFOPLIST_FILE = youtubeVideoApp/Info.plist;
				LD_RUNPATH_SEARCH_PATHS = (
					"$(inherited)",
					"@executable_path/Frameworks",
				);
				PRODUCT_BUNDLE_IDENTIFIER = Mahmoud..youtubeVideoApp;
				PRODUCT_NAME = "$(TARGET_NAME)";
				SWIFT_VERSION = 5.0;
				TARGETED_DEVICE_FAMILY = "1,2";
			};
			name = Debug;
		};
		6262822324DFC0030062CFE4 /* Release */ = {
			isa = XCBuildConfiguration;
			buildSettings = {
				ASSETCATALOG_COMPILER_APPICON_NAME = AppIcon;
				CODE_SIGN_STYLE = Automatic;
				INFOPLIST_FILE = youtubeVideoApp/Info.plist;
				LD_RUNPATH_SEARCH_PATHS = (
					"$(inherited)",
					"@executable_path/Frameworks",
				);
				PRODUCT_BUNDLE_IDENTIFIER = Mahmoud..youtubeVideoApp;
				PRODUCT_NAME = "$(TARGET_NAME)";
				SWIFT_VERSION = 5.0;
				TARGETED_DEVICE_FAMILY = "1,2";
			};
			name = Release;
		};
/* End XCBuildConfiguration section */

/* Begin XCConfigurationList section */
		6262820824DFC0030062CFE4 /* Build configuration list for PBXProject "youtubeVideoApp" */ = {
			isa = XCConfigurationList;
			buildConfigurations = (
				6262821F24DFC0030062CFE4 /* Debug */,
				6262822024DFC0030062CFE4 /* Release */,
			);
			defaultConfigurationIsVisible = 0;
			defaultConfigurationName = Release;
		};
		6262822124DFC0030062CFE4 /* Build configuration list for PBXNativeTarget "youtubeVideoApp" */ = {
			isa = XCConfigurationList;
			buildConfigurations = (
				6262822224DFC0030062CFE4 /* Debug */,
				6262822324DFC0030062CFE4 /* Release */,
			);
			defaultConfigurationIsVisible = 0;
			defaultConfigurationName = Release;
		};
/* End XCConfigurationList section */
	};
	rootObject = 6262820524DFC0030062CFE4 /* Project object */;
}
